
Microsoft Visual Studio Solution File, Format Version 12.00
# Visual Studio Version 17
VisualStudioVersion = 17.13.35828.75
MinimumVisualStudioVersion = 10.0.40219.1
Project("{FAE04EC0-301F-11D3-BF4B-00C04F79EFBC}") = "Lab5FR", "Lab5FR\Lab5FR.csproj", "{4F403D4A-1961-4802-ACDB-CA8241203F93}"
EndProject
Project("{FAE04EC0-301F-11D3-BF4B-00C04F79EFBC}") = "LibrarryApp.Tests", "LibrarryApp.Tests\LibrarryApp.Tests.csproj", "{B1BB8580-F998-48D2-A2BE-E45D618BE71C}"
EndProject
Global
	GlobalSection(SolutionConfigurationPlatforms) = preSolution
		Debug|Any CPU = Debug|Any CPU
		Release|Any CPU = Release|Any CPU
	EndGlobalSection
	GlobalSection(ProjectConfigurationPlatforms) = postSolution
		{4F403D4A-1961-4802-ACDB-CA8241203F93}.Debug|Any CPU.ActiveCfg = Debug|Any CPU
		{4F403D4A-1961-4802-ACDB-CA8241203F93}.Debug|Any CPU.Build.0 = Debug|Any CPU
		{4F403D4A-1961-4802-ACDB-CA8241203F93}.Release|Any CPU.ActiveCfg = Release|Any CPU
		{4F403D4A-1961-4802-ACDB-CA8241203F93}.Release|Any CPU.Build.0 = Release|Any CPU
		{B1BB8580-F998-48D2-A2BE-E45D618BE71C}.Debug|Any CPU.ActiveCfg = Debug|Any CPU
		{B1BB8580-F998-48D2-A2BE-E45D618BE71C}.Debug|Any CPU.Build.0 = Debug|Any CPU
		{B1BB8580-F998-48D2-A2BE-E45D618BE71C}.Release|Any CPU.ActiveCfg = Release|Any CPU
		{B1BB8580-F998-48D2-A2BE-E45D618BE71C}.Release|Any CPU.Build.0 = Release|Any CPU
	EndGlobalSection
	GlobalSection(SolutionProperties) = preSolution
		HideSolutionNode = FALSE
	EndGlobalSection
	GlobalSection(ExtensibilityGlobals) = postSolution
		SolutionGuid = {EE0B960E-701B-4254-8D52-0F62B08C30CB}
	EndGlobalSection
EndGlobal
